
Microsoft Visual Studio Solution File, Format Version 12.00
# Visual Studio 15
VisualStudioVersion = 15.0.26124.0
MinimumVisualStudioVersion = 15.0.26124.0
Project("{2150E333-8FDC-42A3-9474-1A3956D46DE8}") = "src", "src", "{0EE6B9DE-6282-47E3-B0AA-79C99861D230}"
EndProject
Project("{FAE04EC0-301F-11D3-BF4B-00C04F79EFBC}") = "Camunda.Worker", "src\Camunda.Worker\Camunda.Worker.csproj", "{752742A0-922B-456E-9300-94E54210EFFF}"
EndProject
Project("{2150E333-8FDC-42A3-9474-1A3956D46DE8}") = "test", "test", "{10FC99E1-8C27-426E-8D4B-EE645ECEF426}"
EndProject
Project("{FAE04EC0-301F-11D3-BF4B-00C04F79EFBC}") = "Camunda.Worker.Tests", "test\Camunda.Worker.Tests\Camunda.Worker.Tests.csproj", "{8EFD4F82-2790-4423-986D-33A70049C0CA}"
EndProject
Global
	GlobalSection(SolutionConfigurationPlatforms) = preSolution
		Debug|Any CPU = Debug|Any CPU
		Debug|x64 = Debug|x64
		Debug|x86 = Debug|x86
		Release|Any CPU = Release|Any CPU
		Release|x64 = Release|x64
		Release|x86 = Release|x86
	EndGlobalSection
	GlobalSection(SolutionProperties) = preSolution
		HideSolutionNode = FALSE
	EndGlobalSection
	GlobalSection(ProjectConfigurationPlatforms) = postSolution
		{752742A0-922B-456E-9300-94E54210EFFF}.Debug|Any CPU.ActiveCfg = Debug|Any CPU
		{752742A0-922B-456E-9300-94E54210EFFF}.Debug|Any CPU.Build.0 = Debug|Any CPU
		{752742A0-922B-456E-9300-94E54210EFFF}.Debug|x64.ActiveCfg = Debug|Any CPU
		{752742A0-922B-456E-9300-94E54210EFFF}.Debug|x64.Build.0 = Debug|Any CPU
		{752742A0-922B-456E-9300-94E54210EFFF}.Debug|x86.ActiveCfg = Debug|Any CPU
		{752742A0-922B-456E-9300-94E54210EFFF}.Debug|x86.Build.0 = Debug|Any CPU
		{752742A0-922B-456E-9300-94E54210EFFF}.Release|Any CPU.ActiveCfg = Release|Any CPU
		{752742A0-922B-456E-9300-94E54210EFFF}.Release|Any CPU.Build.0 = Release|Any CPU
		{752742A0-922B-456E-9300-94E54210EFFF}.Release|x64.ActiveCfg = Release|Any CPU
		{752742A0-922B-456E-9300-94E54210EFFF}.Release|x64.Build.0 = Release|Any CPU
		{752742A0-922B-456E-9300-94E54210EFFF}.Release|x86.ActiveCfg = Release|Any CPU
		{752742A0-922B-456E-9300-94E54210EFFF}.Release|x86.Build.0 = Release|Any CPU
		{8EFD4F82-2790-4423-986D-33A70049C0CA}.Debug|Any CPU.ActiveCfg = Debug|Any CPU
		{8EFD4F82-2790-4423-986D-33A70049C0CA}.Debug|Any CPU.Build.0 = Debug|Any CPU
		{8EFD4F82-2790-4423-986D-33A70049C0CA}.Debug|x64.ActiveCfg = Debug|Any CPU
		{8EFD4F82-2790-4423-986D-33A70049C0CA}.Debug|x64.Build.0 = Debug|Any CPU
		{8EFD4F82-2790-4423-986D-33A70049C0CA}.Debug|x86.ActiveCfg = Debug|Any CPU
		{8EFD4F82-2790-4423-986D-33A70049C0CA}.Debug|x86.Build.0 = Debug|Any CPU
		{8EFD4F82-2790-4423-986D-33A70049C0CA}.Release|Any CPU.ActiveCfg = Release|Any CPU
		{8EFD4F82-2790-4423-986D-33A70049C0CA}.Release|Any CPU.Build.0 = Release|Any CPU
		{8EFD4F82-2790-4423-986D-33A70049C0CA}.Release|x64.ActiveCfg = Release|Any CPU
		{8EFD4F82-2790-4423-986D-33A70049C0CA}.Release|x64.Build.0 = Release|Any CPU
		{8EFD4F82-2790-4423-986D-33A70049C0CA}.Release|x86.ActiveCfg = Release|Any CPU
		{8EFD4F82-2790-4423-986D-33A70049C0CA}.Release|x86.Build.0 = Release|Any CPU
	EndGlobalSection
	GlobalSection(NestedProjects) = preSolution
		{752742A0-922B-456E-9300-94E54210EFFF} = {0EE6B9DE-6282-47E3-B0AA-79C99861D230}
		{8EFD4F82-2790-4423-986D-33A70049C0CA} = {10FC99E1-8C27-426E-8D4B-EE645ECEF426}
	EndGlobalSection
EndGlobal
